
Microsoft Visual Studio Solution File, Format Version 12.00
# Visual Studio Version 17
VisualStudioVersion = 17.9.34622.214
MinimumVisualStudioVersion = 10.0.40219.1
Project("{FAE04EC0-301F-11D3-BF4B-00C04F79EFBC}") = "Cinema", "Cinema\Cinema.csproj", "{FAEF7B54-6AAE-4034-8EFB-6B8B78C65B36}"
EndProject
Global
	GlobalSection(SolutionConfigurationPlatforms) = preSolution
		Debug|Any CPU = Debug|Any CPU
		Release|Any CPU = Release|Any CPU
	EndGlobalSection
	GlobalSection(ProjectConfigurationPlatforms) = postSolution
		{FAEF7B54-6AAE-4034-8EFB-6B8B78C65B36}.Debug|Any CPU.ActiveCfg = Debug|Any CPU
		{FAEF7B54-6AAE-4034-8EFB-6B8B78C65B36}.Debug|Any CPU.Build.0 = Debug|Any CPU
		{FAEF7B54-6AAE-4034-8EFB-6B8B78C65B36}.Release|Any CPU.ActiveCfg = Release|Any CPU
		{FAEF7B54-6AAE-4034-8EFB-6B8B78C65B36}.Release|Any CPU.Build.0 = Release|Any CPU
	EndGlobalSection
	GlobalSection(SolutionProperties) = preSolution
		HideSolutionNode = FALSE
	EndGlobalSection
	GlobalSection(ExtensibilityGlobals) = postSolution
		SolutionGuid = {297BF67A-5A63-4454-BC40-95B8DF177E2E}
	EndGlobalSection
EndGlobal
